
Microsoft Visual Studio Solution File, Format Version 12.00
# Visual Studio 15
VisualStudioVersion = 15.0.28307.168
MinimumVisualStudioVersion = 10.0.40219.1
Project("{FAE04EC0-301F-11D3-BF4B-00C04F79EFBC}") = "HotelsAdmin.Web", "HotelsAdmin.Web\HotelsAdmin.Web.csproj", "{27CF1AC1-999C-4011-938E-7CFF5E616CAE}"
EndProject
Project("{FAE04EC0-301F-11D3-BF4B-00C04F79EFBC}") = "HotelsAdmin.Entities", "HotelsAdmin.Entities\HotelsAdmin.Entities.csproj", "{3197CE52-975F-44FC-B949-ED9CE17D6B0C}"
EndProject
Project("{FAE04EC0-301F-11D3-BF4B-00C04F79EFBC}") = "HotelsAdmin.Data", "HotelsAdmin.Data\HotelsAdmin.Data.csproj", "{61FBFF5D-CF68-44D0-B039-4426DF9499C3}"
EndProject
Global
	GlobalSection(SolutionConfigurationPlatforms) = preSolution
		Debug|Any CPU = Debug|Any CPU
		Release|Any CPU = Release|Any CPU
	EndGlobalSection
	GlobalSection(ProjectConfigurationPlatforms) = postSolution
		{27CF1AC1-999C-4011-938E-7CFF5E616CAE}.Debug|Any CPU.ActiveCfg = Debug|Any CPU
		{27CF1AC1-999C-4011-938E-7CFF5E616CAE}.Debug|Any CPU.Build.0 = Debug|Any CPU
		{27CF1AC1-999C-4011-938E-7CFF5E616CAE}.Release|Any CPU.ActiveCfg = Release|Any CPU
		{27CF1AC1-999C-4011-938E-7CFF5E616CAE}.Release|Any CPU.Build.0 = Release|Any CPU
		{3197CE52-975F-44FC-B949-ED9CE17D6B0C}.Debug|Any CPU.ActiveCfg = Debug|Any CPU
		{3197CE52-975F-44FC-B949-ED9CE17D6B0C}.Debug|Any CPU.Build.0 = Debug|Any CPU
		{3197CE52-975F-44FC-B949-ED9CE17D6B0C}.Release|Any CPU.ActiveCfg = Release|Any CPU
		{3197CE52-975F-44FC-B949-ED9CE17D6B0C}.Release|Any CPU.Build.0 = Release|Any CPU
		{61FBFF5D-CF68-44D0-B039-4426DF9499C3}.Debug|Any CPU.ActiveCfg = Debug|Any CPU
		{61FBFF5D-CF68-44D0-B039-4426DF9499C3}.Debug|Any CPU.Build.0 = Debug|Any CPU
		{61FBFF5D-CF68-44D0-B039-4426DF9499C3}.Release|Any CPU.ActiveCfg = Release|Any CPU
		{61FBFF5D-CF68-44D0-B039-4426DF9499C3}.Release|Any CPU.Build.0 = Release|Any CPU
	EndGlobalSection
	GlobalSection(SolutionProperties) = preSolution
		HideSolutionNode = FALSE
	EndGlobalSection
	GlobalSection(ExtensibilityGlobals) = postSolution
		SolutionGuid = {5009B699-0C6F-4AEA-86EB-485C8100ADD6}
	EndGlobalSection
EndGlobal
